# THIS IS AN AUTOGENERATED FILE. DO NOT EDIT THIS FILE DIRECTLY.
# yarn lockfile v1


"@rails/actiontext@^7.2.101":
  version "7.2.101"
  resolved "https://registry.yarnpkg.com/@rails/actiontext/-/actiontext-7.2.101.tgz#b4b9c59f38d1800b75cb0d6a8d713b60dfdb876d"
  integrity sha512-iSqj5mvzHTwHkG5kUO/2a8wGkB6qf72keJpPgQcle2Hb/V8k9xTp3T8YpqlSYJMTcEhQhHeDJsXOaOx4abRDZg==
  dependencies:
    "@rails/activestorage" ">= 7.2.0-alpha"

"@rails/activestorage@>= 7.2.0-alpha":
  version "7.2.101"
  resolved "https://registry.yarnpkg.com/@rails/activestorage/-/activestorage-7.2.101.tgz#fc786623431e7d5ef2b4e73b8c1cbfb890f18aac"
  integrity sha512-N4Lb2xW+6OFeE8f0nvOo6vigVM3VWlEYO6+wPBgc26CFstVG2zXbj4SV88JW3hZSArcCVox726hbXogwMV7hcg==
  dependencies:
    spark-md5 "^3.0.1"

spark-md5@^3.0.1:
  version "3.0.2"
  resolved "https://registry.yarnpkg.com/spark-md5/-/spark-md5-3.0.2.tgz#7952c4a30784347abcee73268e473b9c0167e3fc"
  integrity sha512-wcFzz9cDfbuqe0FZzfi2or1sgyIrsDwmPwfZC4hiNidPdPINjeUwNfv5kldczoEAcjl9Y1L3SM7Uz2PUEQzxQw==

tributejs@^5.1.3:
  version "5.1.3"
  resolved "https://registry.yarnpkg.com/tributejs/-/tributejs-5.1.3.tgz#980600fc72865be5868893078b4bfde721129eae"
  integrity sha512-B5CXihaVzXw+1UHhNFyAwUTMDk1EfoLP5Tj1VhD9yybZ1I8DZJEv8tZ1l0RJo0t0tk9ZhR8eG5tEsaCvRigmdQ==

trix@^2.1.7:
  version "2.1.7"
  resolved "https://registry.yarnpkg.com/trix/-/trix-2.1.7.tgz#239dc3fbba87ce30eea44286ea09865c7fbab10f"
  integrity sha512-RyFmjLJfxP2nuAKqgVqJ40wk4qoYfDQtyi71q6ozkP+X4EOILe+j5ll5g/suvTyMx7BacGszNWzjnx9Vbj17sw==
